
Microsoft Visual Studio Solution File, Format Version 12.00
# Visual Studio Version 17
VisualStudioVersion = 17.5.33502.453
MinimumVisualStudioVersion = 10.0.40219.1
Project("{9A19103F-16F7-4668-BE54-9A1E7A4F7556}") = "QcommentUrlCutter", "QcommentUrlCutter\QcommentUrlCutter.csproj", "{7FD647FB-149B-4FEF-A0C9-71C8D4E40DCA}"
EndProject
Global
	GlobalSection(SolutionConfigurationPlatforms) = preSolution
		Debug|Any CPU = Debug|Any CPU
		Release|Any CPU = Release|Any CPU
	EndGlobalSection
	GlobalSection(ProjectConfigurationPlatforms) = postSolution
		{7FD647FB-149B-4FEF-A0C9-71C8D4E40DCA}.Debug|Any CPU.ActiveCfg = Debug|Any CPU
		{7FD647FB-149B-4FEF-A0C9-71C8D4E40DCA}.Debug|Any CPU.Build.0 = Debug|Any CPU
		{7FD647FB-149B-4FEF-A0C9-71C8D4E40DCA}.Release|Any CPU.ActiveCfg = Release|Any CPU
		{7FD647FB-149B-4FEF-A0C9-71C8D4E40DCA}.Release|Any CPU.Build.0 = Release|Any CPU
	EndGlobalSection
	GlobalSection(SolutionProperties) = preSolution
		HideSolutionNode = FALSE
	EndGlobalSection
	GlobalSection(ExtensibilityGlobals) = postSolution
		SolutionGuid = {EAA9D692-3820-48B0-B1C2-F0D80A778396}
	EndGlobalSection
EndGlobal
